
Microsoft Visual Studio Solution File, Format Version 12.00
# Visual Studio Version 17
VisualStudioVersion = 17.14.36401.2
MinimumVisualStudioVersion = 10.0.40219.1
Project("{FAE04EC0-301F-11D3-BF4B-00C04F79EFBC}") = "MyPortfolio", "MyPortfolio\MyPortfolio.csproj", "{9B289E63-8616-4925-BFAD-8397B9CAAC3D}"
EndProject
Global
	GlobalSection(SolutionConfigurationPlatforms) = preSolution
		Debug|Any CPU = Debug|Any CPU
		Release|Any CPU = Release|Any CPU
	EndGlobalSection
	GlobalSection(ProjectConfigurationPlatforms) = postSolution
		{9B289E63-8616-4925-BFAD-8397B9CAAC3D}.Debug|Any CPU.ActiveCfg = Debug|Any CPU
		{9B289E63-8616-4925-BFAD-8397B9CAAC3D}.Debug|Any CPU.Build.0 = Debug|Any CPU
		{9B289E63-8616-4925-BFAD-8397B9CAAC3D}.Release|Any CPU.ActiveCfg = Release|Any CPU
		{9B289E63-8616-4925-BFAD-8397B9CAAC3D}.Release|Any CPU.Build.0 = Release|Any CPU
	EndGlobalSection
	GlobalSection(SolutionProperties) = preSolution
		HideSolutionNode = FALSE
	EndGlobalSection
	GlobalSection(ExtensibilityGlobals) = postSolution
		SolutionGuid = {F487A0D3-E7D6-4027-B67B-E75847E7A658}
	EndGlobalSection
EndGlobal
